// !$*UTF8*$!
{
	archiveVersion = 1;
	classes = {
	};
	objectVersion = 46;
	objects = {

/* Begin PBXBuildFile section */
		4A16946B1B13499F00AED486 /* AppDelegate.swift in Sources */ = {isa = PBXBuildFile; fileRef = 4A16946A1B13499F00AED486 /* AppDelegate.swift */; };
		4A16946D1B13499F00AED486 /* ViewController.swift in Sources */ = {isa = PBXBuildFile; fileRef = 4A16946C1B13499F00AED486 /* ViewController.swift */; };
		4A1694701B13499F00AED486 /* Main.storyboard in Resources */ = {isa = PBXBuildFile; fileRef = 4A16946E1B13499F00AED486 /* Main.storyboard */; };
		4A1694721B13499F00AED486 /* Images.xcassets in Resources */ = {isa = PBXBuildFile; fileRef = 4A1694711B13499F00AED486 /* Images.xcassets */; };
		4A1694751B13499F00AED486 /* LaunchScreen.xib in Resources */ = {isa = PBXBuildFile; fileRef = 4A1694731B13499F00AED486 /* LaunchScreen.xib */; };
		4A1694811B13499F00AED486 /* BFSCryptTests.swift in Sources */ = {isa = PBXBuildFile; fileRef = 4A1694801B13499F00AED486 /* BFSCryptTests.swift */; };
/* End PBXBuildFile section */

/* Begin PBXContainerItemProxy section */
		4A16947B1B13499F00AED486 /* PBXContainerItemProxy */ = {
			isa = PBXContainerItemProxy;
			containerPortal = 4A16945D1B13499F00AED486 /* Project object */;
			proxyType = 1;
			remoteGlobalIDString = 4A1694641B13499F00AED486;
			remoteInfo = BFSCrypt;
		};
/* End PBXContainerItemProxy section */

/* Begin PBXFileReference section */
		4A1694651B13499F00AED486 /* BFSCrypt.app */ = {isa = PBXFileReference; explicitFileType = wrapper.application; includeInIndex = 0; path = BFSCrypt.app; sourceTree = BUILT_PRODUCTS_DIR; };
		4A1694691B13499F00AED486 /* Info.plist */ = {isa = PBXFileReference; lastKnownFileType = text.plist.xml; path = Info.plist; sourceTree = "<group>"; };
		4A16946A1B13499F00AED486 /* AppDelegate.swift */ = {isa = PBXFileReference; lastKnownFileType = sourcecode.swift; path = AppDelegate.swift; sourceTree = "<group>"; };
		4A16946C1B13499F00AED486 /* ViewController.swift */ = {isa = PBXFileReference; lastKnownFileType = sourcecode.swift; path = ViewController.swift; sourceTree = "<group>"; };
		4A16946F1B13499F00AED486 /* Base */ = {isa = PBXFileReference; lastKnownFileType = file.storyboard; name = Base; path = Base.lproj/Main.storyboard; sourceTree = "<group>"; };
		4A1694711B13499F00AED486 /* Images.xcassets */ = {isa = PBXFileReference; lastKnownFileType = folder.assetcatalog; path = Images.xcassets; sourceTree = "<group>"; };
		4A1694741B13499F00AED486 /* Base */ = {isa = PBXFileReference; lastKnownFileType = file.xib; name = Base; path = Base.lproj/LaunchScreen.xib; sourceTree = "<group>"; };
		4A16947A1B13499F00AED486 /* BFSCryptTests.xctest */ = {isa = PBXFileReference; explicitFileType = wrapper.cfbundle; includeInIndex = 0; path = BFSCryptTests.xctest; sourceTree = BUILT_PRODUCTS_DIR; };
		4A16947F1B13499F00AED486 /* Info.plist */ = {isa = PBXFileReference; lastKnownFileType = text.plist.xml; path = Info.plist; sourceTree = "<group>"; };
		4A1694801B13499F00AED486 /* BFSCryptTests.swift */ = {isa = PBXFileReference; lastKnownFileType = sourcecode.swift; path = BFSCryptTests.swift; sourceTree = "<group>"; };
/* End PBXFileReference section */

/* Begin PBXFrameworksBuildPhase section */
		4A1694621B13499F00AED486 /* Frameworks */ = {
			isa = PBXFrameworksBuildPhase;
			buildActionMask = 2147483647;
			files = (
			);
			runOnlyForDeploymentPostprocessing = 0;
		};
		4A1694771B13499F00AED486 /* Frameworks */ = {
			isa = PBXFrameworksBuildPhase;
			buildActionMask = 2147483647;
			files = (
			);
			runOnlyForDeploymentPostprocessing = 0;
		};
/* End PBXFrameworksBuildPhase section */

/* Begin PBXGroup section */
		4A16945C1B13499F00AED486 = {
			isa = PBXGroup;
			children = (
				4A1694671B13499F00AED486 /* BFSCrypt */,
				4A16947D1B13499F00AED486 /* BFSCryptTests */,
				4A1694661B13499F00AED486 /* Products */,
			);
			sourceTree = "<group>";
		};
		4A1694661B13499F00AED486 /* Products */ = {
			isa = PBXGroup;
			children = (
				4A1694651B13499F00AED486 /* BFSCrypt.app */,
				4A16947A1B13499F00AED486 /* BFSCryptTests.xctest */,
			);
			name = Products;
			sourceTree = "<group>";
		};
		4A1694671B13499F00AED486 /* BFSCrypt */ = {
			isa = PBXGroup;
			children = (
				4A16946A1B13499F00AED486 /* AppDelegate.swift */,
				4A16946C1B13499F00AED486 /* ViewController.swift */,
				4A16946E1B13499F00AED486 /* Main.storyboard */,
				4A1694711B13499F00AED486 /* Images.xcassets */,
				4A1694731B13499F00AED486 /* LaunchScreen.xib */,
				4A1694681B13499F00AED486 /* Supporting Files */,
			);
			path = BFSCrypt;
			sourceTree = "<group>";
		};
		4A1694681B13499F00AED486 /* Supporting Files */ = {
			isa = PBXGroup;
			children = (
				4A1694691B13499F00AED486 /* Info.plist */,
			);
			name = "Supporting Files";
			sourceTree = "<group>";
		};
		4A16947D1B13499F00AED486 /* BFSCryptTests */ = {
			isa = PBXGroup;
			children = (
				4A1694801B13499F00AED486 /* BFSCryptTests.swift */,
				4A16947E1B13499F00AED486 /* Supporting Files */,
			);
			path = BFSCryptTests;
			sourceTree = "<group>";
		};
		4A16947E1B13499F00AED486 /* Supporting Files */ = {
			isa = PBXGroup;
			children = (
				4A16947F1B13499F00AED486 /* Info.plist */,
			);
			name = "Supporting Files";
			sourceTree = "<group>";
		};
/* End PBXGroup section */

/* Begin PBXNativeTarget section */
		4A1694641B13499F00AED486 /* BFSCrypt */ = {
			isa = PBXNativeTarget;
			buildConfigurationList = 4A1694841B13499F00AED486 /* Build configuration list for PBXNativeTarget "BFSCrypt" */;
			buildPhases = (
				4A1694611B13499F00AED486 /* Sources */,
				4A1694621B13499F00AED486 /* Frameworks */,
				4A1694631B13499F00AED486 /* Resources */,
			);
			buildRules = (
			);
			dependencies = (
			);
			name = BFSCrypt;
			productName = BFSCrypt;
			productReference = 4A1694651B13499F00AED486 /* BFSCrypt.app */;
			productType = "com.apple.product-type.application";
		};
		4A1694791B13499F00AED486 /* BFSCryptTests */ = {
			isa = PBXNativeTarget;
			buildConfigurationList = 4A1694871B13499F00AED486 /* Build configuration list for PBXNativeTarget "BFSCryptTests" */;
			buildPhases = (
				4A1694761B13499F00AED486 /* Sources */,
				4A1694771B13499F00AED486 /* Frameworks */,
				4A1694781B13499F00AED486 /* Resources */,
			);
			buildRules = (
			);
			dependencies = (
				4A16947C1B13499F00AED486 /* PBXTargetDependency */,
			);
			name = BFSCryptTests;
			productName = BFSCryptTests;
			productReference = 4A16947A1B13499F00AED486 /* BFSCryptTests.xctest */;
			productType = "com.apple.product-type.bundle.unit-test";
		};
/* End PBXNativeTarget section */

/* Begin PBXProject section */
		4A16945D1B13499F00AED486 /* Project object */ = {
			isa = PBXProject;
			attributes = {
				LastUpgradeCheck = 0630;
				ORGANIZATIONNAME = BFS;
				TargetAttributes = {
					4A1694641B13499F00AED486 = {
						CreatedOnToolsVersion = 6.3.2;
					};
					4A1694791B13499F00AED486 = {
						CreatedOnToolsVersion = 6.3.2;
						TestTargetID = 4A1694641B13499F00AED486;
					};
				};
			};
			buildConfigurationList = 4A1694601B13499F00AED486 /* Build configuration list for PBXProject "BFSCrypt" */;
			compatibilityVersion = "Xcode 3.2";
			developmentRegion = English;
			hasScannedForEncodings = 0;
			knownRegions = (
				en,
				Base,
			);
			mainGroup = 4A16945C1B13499F00AED486;
			productRefGroup = 4A1694661B13499F00AED486 /* Products */;
			projectDirPath = "";
			projectRoot = "";
			targets = (
				4A1694641B13499F00AED486 /* BFSCrypt */,
				4A1694791B13499F00AED486 /* BFSCryptTests */,
			);
		};
/* End PBXProject section */

/* Begin PBXResourcesBuildPhase section */
		4A1694631B13499F00AED486 /* Resources */ = {
			isa = PBXResourcesBuildPhase;
			buildActionMask = 2147483647;
			files = (
				4A1694701B13499F00AED486 /* Main.storyboard in Resources */,
				4A1694751B13499F00AED486 /* LaunchScreen.xib in Resources */,
				4A1694721B13499F00AED486 /* Images.xcassets in Resources */,
			);
			runOnlyForDeploymentPostprocessing = 0;
		};
		4A1694781B13499F00AED486 /* Resources */ = {
			isa = PBXResourcesBuildPhase;
			buildActionMask = 2147483647;
			files = (
			);
			runOnlyForDeploymentPostprocessing = 0;
		};
/* End PBXResourcesBuildPhase section */

/* Begin PBXSourcesBuildPhase section */
		4A1694611B13499F00AED486 /* Sources */ = {
			isa = PBXSourcesBuildPhase;
			buildActionMask = 2147483647;
			files = (
				4A16946D1B13499F00AED486 /* ViewController.swift in Sources */,
				4A16946B1B13499F00AED486 /* AppDelegate.swift in Sources */,
			);
			runOnlyForDeploymentPostprocessing = 0;
		};
		4A1694761B13499F00AED486 /* Sources */ = {
			isa = PBXSourcesBuildPhase;
			buildActionMask = 2147483647;
			files = (
				4A1694811B13499F00AED486 /* BFSCryptTests.swift in Sources */,
			);
			runOnlyForDeploymentPostprocessing = 0;
		};
/* End PBXSourcesBuildPhase section */

/* Begin PBXTargetDependency section */
		4A16947C1B13499F00AED486 /* PBXTargetDependency */ = {
			isa = PBXTargetDependency;
			target = 4A1694641B13499F00AED486 /* BFSCrypt */;
			targetProxy = 4A16947B1B13499F00AED486 /* PBXContainerItemProxy */;
		};
/* End PBXTargetDependency section */

/* Begin PBXVariantGroup section */
		4A16946E1B13499F00AED486 /* Main.storyboard */ = {
			isa = PBXVariantGroup;
			children = (
				4A16946F1B13499F00AED486 /* Base */,
			);
			name = Main.storyboard;
			sourceTree = "<group>";
		};
		4A1694731B13499F00AED486 /* LaunchScreen.xib */ = {
			isa = PBXVariantGroup;
			children = (
				4A1694741B13499F00AED486 /* Base */,
			);
			name = LaunchScreen.xib;
			sourceTree = "<group>";
		};
/* End PBXVariantGroup section */

/* Begin XCBuildConfiguration section */
		4A1694821B13499F00AED486 /* Debug */ = {
			isa = XCBuildConfiguration;
			buildSettings = {
				ALWAYS_SEARCH_USER_PATHS = NO;
				CLANG_CXX_LANGUAGE_STANDARD = "gnu++0x";
				CLANG_CXX_LIBRARY = "libc++";
				CLANG_ENABLE_MODULES = YES;
				CLANG_ENABLE_OBJC_ARC = YES;
				CLANG_WARN_BOOL_CONVERSION = YES;
				CLANG_WARN_CONSTANT_CONVERSION = YES;
				CLANG_WARN_DIRECT_OBJC_ISA_USAGE = YES_ERROR;
				CLANG_WARN_EMPTY_BODY = YES;
				CLANG_WARN_ENUM_CONVERSION = YES;
				CLANG_WARN_INT_CONVERSION = YES;
				CLANG_WARN_OBJC_ROOT_CLASS = YES_ERROR;
				CLANG_WARN_UNREACHABLE_CODE = YES;
				CLANG_WARN__DUPLICATE_METHOD_MATCH = YES;
				"CODE_SIGN_IDENTITY[sdk=iphoneos*]" = "iPhone Developer";
				COPY_PHASE_STRIP = NO;
				DEBUG_INFORMATION_FORMAT = "dwarf-with-dsym";
				ENABLE_STRICT_OBJC_MSGSEND = YES;
				GCC_C_LANGUAGE_STANDARD = gnu99;
				GCC_DYNAMIC_NO_PIC = NO;
				GCC_NO_COMMON_BLOCKS = YES;
				GCC_OPTIMIZATION_LEVEL = 0;
				GCC_PREPROCESSOR_DEFINITIONS = (
					"DEBUG=1",
					"$(inherited)",
				);
				GCC_SYMBOLS_PRIVATE_EXTERN = NO;
				GCC_WARN_64_TO_32_BIT_CONVERSION = YES;
				GCC_WARN_ABOUT_RETURN_TYPE = YES_ERROR;
				GCC_WARN_UNDECLARED_SELECTOR = YES;
				GCC_WARN_UNINITIALIZED_AUTOS = YES_AGGRESSIVE;
				GCC_WARN_UNUSED_FUNCTION = YES;
				GCC_WARN_UNUSED_VARIABLE = YES;
				IPHONEOS_DEPLOYMENT_TARGET = 8.3;
				MTL_ENABLE_DEBUG_INFO = YES;
				ONLY_ACTIVE_ARCH = YES;
				SDKROOT = iphoneos;
				SWIFT_OPTIMIZATION_LEVEL = "-Onone";
				TARGETED_DEVICE_FAMILY = "1,2";
			};
			name = Debug;
		};
		4A1694831B13499F00AED486 /* Release */ = {
			isa = XCBuildConfiguration;
			buildSettings = {
				ALWAYS_SEARCH_USER_PATHS = NO;
				CLANG_CXX_LANGUAGE_STANDARD = "gnu++0x";
				CLANG_CXX_LIBRARY = "libc++";
				CLANG_ENABLE_MODULES = YES;
				CLANG_ENABLE_OBJC_ARC = YES;
				CLANG_WARN_BOOL_CONVERSION = YES;
				CLANG_WARN_CONSTANT_CONVERSION = YES;
				CLANG_WARN_DIRECT_OBJC_ISA_USAGE = YES_ERROR;
				CLANG_WARN_EMPTY_BODY = YES;
				CLANG_WARN_ENUM_CONVERSION = YES;
				CLANG_WARN_INT_CONVERSION = YES;
				CLANG_WARN_OBJC_ROOT_CLASS = YES_ERROR;
				CLANG_WARN_UNREACHABLE_CODE = YES;
				CLANG_WARN__DUPLICATE_METHOD_MATCH = YES;
				"CODE_SIGN_IDENTITY[sdk=iphoneos*]" = "iPhone Developer";
				COPY_PHASE_STRIP = NO;
				DEBUG_INFORMATION_FORMAT = "dwarf-with-dsym";
				ENABLE_NS_ASSERTIONS = NO;
				ENABLE_STRICT_OBJC_MSGSEND = YES;
				GCC_C_LANGUAGE_STANDARD = gnu99;
				GCC_NO_COMMON_BLOCKS = YES;
				GCC_WARN_64_TO_32_BIT_CONVERSION = YES;
				GCC_WARN_ABOUT_RETURN_TYPE = YES_ERROR;
				GCC_WARN_UNDECLARED_SELECTOR = YES;
				GCC_WARN_UNINITIALIZED_AUTOS = YES_AGGRESSIVE;
				GCC_WARN_UNUSED_FUNCTION = YES;
				GCC_WARN_UNUSED_VARIABLE = YES;
				IPHONEOS_DEPLOYMENT_TARGET = 8.3;
				MTL_ENABLE_DEBUG_INFO = NO;
				SDKROOT = iphoneos;
				TARGETED_DEVICE_FAMILY = "1,2";
				VALIDATE_PRODUCT = YES;
			};
			name = Release;
		};
		4A1694851B13499F00AED486 /* Debug */ = {
			isa = XCBuildConfiguration;
			buildSettings = {
				ASSETCATALOG_COMPILER_APPICON_NAME = AppIcon;
				INFOPLIST_FILE = BFSCrypt/Info.plist;
				LD_RUNPATH_SEARCH_PATHS = "$(inherited) @executable_path/Frameworks";
				PRODUCT_NAME = "$(TARGET_NAME)";
			};
			name = Debug;
		};
		4A1694861B13499F00AED486 /* Release */ = {
			isa = XCBuildConfiguration;
			buildSettings = {
				ASSETCATALOG_COMPILER_APPICON_NAME = AppIcon;
				INFOPLIST_FILE = BFSCrypt/Info.plist;
				LD_RUNPATH_SEARCH_PATHS = "$(inherited) @executable_path/Frameworks";
				PRODUCT_NAME = "$(TARGET_NAME)";
			};
			name = Release;
		};
		4A1694881B13499F00AED486 /* Debug */ = {
			isa = XCBuildConfiguration;
			buildSettings = {
				BUNDLE_LOADER = "$(TEST_HOST)";
				FRAMEWORK_SEARCH_PATHS = (
					"$(SDKROOT)/Developer/Library/Frameworks",
					"$(inherited)",
				);
				GCC_PREPROCESSOR_DEFINITIONS = (
					"DEBUG=1",
					"$(inherited)",
				);
				INFOPLIST_FILE = BFSCryptTests/Info.plist;
				LD_RUNPATH_SEARCH_PATHS = "$(inherited) @executable_path/Frameworks @loader_path/Frameworks";
				PRODUCT_NAME = "$(TARGET_NAME)";
				TEST_HOST = "$(BUILT_PRODUCTS_DIR)/BFSCrypt.app/BFSCrypt";
			};
			name = Debug;
		};
		4A1694891B13499F00AED486 /* Release */ = {
			isa = XCBuildConfiguration;
			buildSettings = {
				BUNDLE_LOADER = "$(TEST_HOST)";
				FRAMEWORK_SEARCH_PATHS = (
					"$(SDKROOT)/Developer/Library/Frameworks",
					"$(inherited)",
				);
				INFOPLIST_FILE = BFSCryptTests/Info.plist;
				LD_RUNPATH_SEARCH_PATHS = "$(inherited) @executable_path/Frameworks @loader_path/Frameworks";
				PRODUCT_NAME = "$(TARGET_NAME)";
				TEST_HOST = "$(BUILT_PRODUCTS_DIR)/BFSCrypt.app/BFSCrypt";
			};
			name = Release;
		};
/* End XCBuildConfiguration section */

/* Begin XCConfigurationList section */
		4A1694601B13499F00AED486 /* Build configuration list for PBXProject "BFSCrypt" */ = {
			isa = XCConfigurationList;
			buildConfigurations = (
				4A1694821B13499F00AED486 /* Debug */,
				4A1694831B13499F00AED486 /* Release */,
			);
			defaultConfigurationIsVisible = 0;
			defaultConfigurationName = Release;
		};
		4A1694841B13499F00AED486 /* Build configuration list for PBXNativeTarget "BFSCrypt" */ = {
			isa = XCConfigurationList;
			buildConfigurations = (
				4A1694851B13499F00AED486 /* Debug */,
				4A1694861B13499F00AED486 /* Release */,
			);
			defaultConfigurationIsVisible = 0;
		};
		4A1694871B13499F00AED486 /* Build configuration list for PBXNativeTarget "BFSCryptTests" */ = {
			isa = XCConfigurationList;
			buildConfigurations = (
				4A1694881B13499F00AED486 /* Debug */,
				4A1694891B13499F00AED486 /* Release */,
			);
			defaultConfigurationIsVisible = 0;
		};
/* End XCConfigurationList section */
	};
	rootObject = 4A16945D1B13499F00AED486 /* Project object */;
}
